
Microsoft Visual Studio Solution File, Format Version 12.00
# Visual Studio Version 17
VisualStudioVersion = 17.1.32210.238
MinimumVisualStudioVersion = 10.0.40219.1
Project("{9A19103F-16F7-4668-BE54-9A1E7A4F7556}") = "HotelMangement", "HotelMangement\HotelMangement.csproj", "{2477AF6D-A17C-48AC-B27C-31A274CD5B82}"
EndProject
Project("{9A19103F-16F7-4668-BE54-9A1E7A4F7556}") = "Hotel.DataObject", "Hotel.DataObject\Hotel.DataObject.csproj", "{C89E5933-EE1F-4750-AD85-FE692E9AD70B}"
EndProject
Project("{9A19103F-16F7-4668-BE54-9A1E7A4F7556}") = "Hotel.BusinessLogic", "Hotel.BusinessLogic\Hotel.BusinessLogic.csproj", "{2CAB7CFF-0DDA-4872-8ED1-B7811B43025B}"
EndProject
Global
	GlobalSection(SolutionConfigurationPlatforms) = preSolution
		Debug|Any CPU = Debug|Any CPU
		Release|Any CPU = Release|Any CPU
	EndGlobalSection
	GlobalSection(ProjectConfigurationPlatforms) = postSolution
		{2477AF6D-A17C-48AC-B27C-31A274CD5B82}.Debug|Any CPU.ActiveCfg = Debug|Any CPU
		{2477AF6D-A17C-48AC-B27C-31A274CD5B82}.Debug|Any CPU.Build.0 = Debug|Any CPU
		{2477AF6D-A17C-48AC-B27C-31A274CD5B82}.Release|Any CPU.ActiveCfg = Release|Any CPU
		{2477AF6D-A17C-48AC-B27C-31A274CD5B82}.Release|Any CPU.Build.0 = Release|Any CPU
		{C89E5933-EE1F-4750-AD85-FE692E9AD70B}.Debug|Any CPU.ActiveCfg = Debug|Any CPU
		{C89E5933-EE1F-4750-AD85-FE692E9AD70B}.Debug|Any CPU.Build.0 = Debug|Any CPU
		{C89E5933-EE1F-4750-AD85-FE692E9AD70B}.Release|Any CPU.ActiveCfg = Release|Any CPU
		{C89E5933-EE1F-4750-AD85-FE692E9AD70B}.Release|Any CPU.Build.0 = Release|Any CPU
		{2CAB7CFF-0DDA-4872-8ED1-B7811B43025B}.Debug|Any CPU.ActiveCfg = Debug|Any CPU
		{2CAB7CFF-0DDA-4872-8ED1-B7811B43025B}.Debug|Any CPU.Build.0 = Debug|Any CPU
		{2CAB7CFF-0DDA-4872-8ED1-B7811B43025B}.Release|Any CPU.ActiveCfg = Release|Any CPU
		{2CAB7CFF-0DDA-4872-8ED1-B7811B43025B}.Release|Any CPU.Build.0 = Release|Any CPU
	EndGlobalSection
	GlobalSection(SolutionProperties) = preSolution
		HideSolutionNode = FALSE
	EndGlobalSection
	GlobalSection(ExtensibilityGlobals) = postSolution
		SolutionGuid = {313921B6-8B51-4EC1-B840-99C863F2EDC1}
	EndGlobalSection
EndGlobal
